PODS:
  - PubNub (4.5.3):
    - PubNub/Core (= 4.5.3)
  - PubNub/Core (4.5.3)
  - PubNubSwiftConsole (0.7.0):
    - PubNub

DEPENDENCIES:
  - PubNubSwiftConsole (from `.`)

EXTERNAL SOURCES:
  PubNubSwiftConsole:
    :path: .

SPEC CHECKSUMS:
  PubNub: 42623b6046ab65bb2ec9c4fb51791d86aa956926
  PubNubSwiftConsole: 45391a51179dcfaf4ae1f31385cb6091bbd0bbca

PODFILE CHECKSUM: d142081451d29d12707fed80dc5e53bf5f1dab50

COCOAPODS: 1.0.1
