PODS:
  - JSQDataSourcesKit (6.0.0)
  - PubNub (4.5.3):
    - PubNub/Core (= 4.5.3)
  - PubNub/Core (4.5.3)
  - PubNubSwiftConsole (0.7.0):
    - JSQDataSourcesKit
    - PubNub

DEPENDENCIES:
  - PubNubSwiftConsole (from `.`)

EXTERNAL SOURCES:
  PubNubSwiftConsole:
    :path: .

SPEC CHECKSUMS:
  JSQDataSourcesKit: 20cda71984408006b4c3e0cf224343fd1a913d58
  PubNub: 42623b6046ab65bb2ec9c4fb51791d86aa956926
  PubNubSwiftConsole: 8a2f356d61da9731d36d19fa4e968716e9c2fcce

PODFILE CHECKSUM: 58e775931b82673475468c9faa289f23a837d35a

COCOAPODS: 1.0.1
