PODS:
  - PubNub (4.5.3):
    - PubNub/Core (= 4.5.3)
  - PubNub/Core (4.5.3)
  - PubNubSwiftConsole (0.7.0):
    - PubNub

DEPENDENCIES:
  - PubNubSwiftConsole (from `.`)

EXTERNAL SOURCES:
  PubNubSwiftConsole:
    :path: .

SPEC CHECKSUMS:
  PubNub: 42623b6046ab65bb2ec9c4fb51791d86aa956926
  PubNubSwiftConsole: bff0a1dbbe37a5f8c4e5d2599f41954c30466b2d

PODFILE CHECKSUM: 58e775931b82673475468c9faa289f23a837d35a

COCOAPODS: 1.0.1
